
Microsoft Visual Studio Solution File, Format Version 12.00
# Visual Studio Version 17
VisualStudioVersion = 17.10.35027.167
MinimumVisualStudioVersion = 10.0.40219.1
Project("{FAE04EC0-301F-11D3-BF4B-00C04F79EFBC}") = "BlazorUpload.API", "BlazorUpload.API\BlazorUpload.API.csproj", "{A50FDADB-7E83-439F-81F6-ECB7827E798C}"
EndProject
Project("{FAE04EC0-301F-11D3-BF4B-00C04F79EFBC}") = "BlazorUpload.App", "BlazorUpload.App\BlazorUpload.App.csproj", "{AAD5723A-21F9-44BB-A38E-30B4C7DE9A9B}"
EndProject
Global
	GlobalSection(SolutionConfigurationPlatforms) = preSolution
		Debug|Any CPU = Debug|Any CPU
		Release|Any CPU = Release|Any CPU
	EndGlobalSection
	GlobalSection(ProjectConfigurationPlatforms) = postSolution
		{A50FDADB-7E83-439F-81F6-ECB7827E798C}.Debug|Any CPU.ActiveCfg = Debug|Any CPU
		{A50FDADB-7E83-439F-81F6-ECB7827E798C}.Debug|Any CPU.Build.0 = Debug|Any CPU
		{A50FDADB-7E83-439F-81F6-ECB7827E798C}.Release|Any CPU.ActiveCfg = Release|Any CPU
		{A50FDADB-7E83-439F-81F6-ECB7827E798C}.Release|Any CPU.Build.0 = Release|Any CPU
		{AAD5723A-21F9-44BB-A38E-30B4C7DE9A9B}.Debug|Any CPU.ActiveCfg = Debug|Any CPU
		{AAD5723A-21F9-44BB-A38E-30B4C7DE9A9B}.Debug|Any CPU.Build.0 = Debug|Any CPU
		{AAD5723A-21F9-44BB-A38E-30B4C7DE9A9B}.Release|Any CPU.ActiveCfg = Release|Any CPU
		{AAD5723A-21F9-44BB-A38E-30B4C7DE9A9B}.Release|Any CPU.Build.0 = Release|Any CPU
	EndGlobalSection
	GlobalSection(SolutionProperties) = preSolution
		HideSolutionNode = FALSE
	EndGlobalSection
	GlobalSection(ExtensibilityGlobals) = postSolution
		SolutionGuid = {4EBC907D-8A58-48A1-9CE9-A98EE9FE3555}
	EndGlobalSection
EndGlobal
